// !$*UTF8*$!
{
	archiveVersion = 1;
	classes = {
	};
	objectVersion = 77;
	objects = {

/* Begin PBXBuildFile section */
		0119F92A4731CD3AF275BB74 /* MissionStore.swift in Sources */ = {isa = PBXBuildFile; fileRef = 5206C65DAF946400EBE00084 /* MissionStore.swift */; };
		07FCB00B816C1BEA85F823BC /* SaveData.swift in Sources */ = {isa = PBXBuildFile; fileRef = DCEDBED81127D3F3D8F6EB18 /* SaveData.swift */; };
		080455F21B8D6741F596CB52 /* PhysicsTuning.swift in Sources */ = {isa = PBXBuildFile; fileRef = EA224AB1DB5857C8C45FD845 /* PhysicsTuning.swift */; };
		10711BA9B9F7275B64C6AC01 /* KinematicMathTests.swift in Sources */ = {isa = PBXBuildFile; fileRef = 46EBAD1A1302D8F7B5289C7C /* KinematicMathTests.swift */; };
		1CCD982DDCC7D54AF0682445 /* MissionStoreTests.swift in Sources */ = {isa = PBXBuildFile; fileRef = 5D36DAD2BD924E72879E6D0C /* MissionStoreTests.swift */; };
		30F020764F13DA04FFB75980 /* BootstrapTests.swift in Sources */ = {isa = PBXBuildFile; fileRef = 6F8B1E995950D909D15C6702 /* BootstrapTests.swift */; };
		385ECE104933515F26B29C49 /* AirspaceTypesTests.swift in Sources */ = {isa = PBXBuildFile; fileRef = AB5E8E9B3E3B5FF112826340 /* AirspaceTypesTests.swift */; };
		4E92F7003230843DB5CF2162 /* AppState.swift in Sources */ = {isa = PBXBuildFile; fileRef = 49E444DFB0A62402C62CFEED /* AppState.swift */; };
		5E11149A88C48E29BDE4231B /* SaveDataTests.swift in Sources */ = {isa = PBXBuildFile; fileRef = 7C59DF6CFC185197921A12BE /* SaveDataTests.swift */; };
		6F1C1B3ED7BAE8FDC2A34199 /* KinematicSystem.swift in Sources */ = {isa = PBXBuildFile; fileRef = BF3C3284313FBA2BB6F5A383 /* KinematicSystem.swift */; };
		85494EFFB275DE5E57944CFC /* Missions.json in Resources */ = {isa = PBXBuildFile; fileRef = 5C0B36C726C6AEFAF7418D41 /* Missions.json */; };
		8AEBB8891E7E019097840815 /* DroneComponents.swift in Sources */ = {isa = PBXBuildFile; fileRef = 79A6604673FA5F1D328AB0C3 /* DroneComponents.swift */; };
		94419FE4CB73627E17B2EF2F /* DroneDeliveryApp.swift in Sources */ = {isa = PBXBuildFile; fileRef = 11AC885B6C2ADF98F7DDC938 /* DroneDeliveryApp.swift */; };
		A04DDC77403E3A803E93509D /* Weather.swift in Sources */ = {isa = PBXBuildFile; fileRef = 7E2C7CB6B4A4657D165A0C4C /* Weather.swift */; };
		A9DB80E5C4964BF6F4829688 /* AirspaceTypes.swift in Sources */ = {isa = PBXBuildFile; fileRef = CB4BA8FBE05DF63E6847A316 /* AirspaceTypes.swift */; };
		B8BD266B2C82B8D51B146872 /* MissionTypes.swift in Sources */ = {isa = PBXBuildFile; fileRef = 881DD35D4C6D58297BABD83C /* MissionTypes.swift */; };
		DB11AE2D720829DA1AADB0A5 /* GamePhase.swift in Sources */ = {isa = PBXBuildFile; fileRef = ACA4B601C9FA25A24B649777 /* GamePhase.swift */; };
		DF789B060CF3628C282B9F00 /* Airspace.json in Resources */ = {isa = PBXBuildFile; fileRef = 1B9F7173FBF4A36DC8456E47 /* Airspace.json */; };
/* End PBXBuildFile section */

/* Begin PBXContainerItemProxy section */
		081324E5DBD0E4E628B1F725 /* PBXContainerItemProxy */ = {
			isa = PBXContainerItemProxy;
			containerPortal = 338BDD7288B8F01CEE6147D0 /* Project object */;
			proxyType = 1;
			remoteGlobalIDString = C54CCC25D891F5E3CAB1E41C;
			remoteInfo = DroneDelivery;
		};
/* End PBXContainerItemProxy section */

/* Begin PBXFileReference section */
		11AC885B6C2ADF98F7DDC938 /* DroneDeliveryApp.swift */ = {isa = PBXFileReference; lastKnownFileType = sourcecode.swift; path = DroneDeliveryApp.swift; sourceTree = "<group>"; };
		1B9F7173FBF4A36DC8456E47 /* Airspace.json */ = {isa = PBXFileReference; lastKnownFileType = text.json; path = Airspace.json; sourceTree = "<group>"; };
		1F30F0C4E3B9C099D171C248 /* DroneDeliveryTests.xctest */ = {isa = PBXFileReference; includeInIndex = 0; lastKnownFileType = wrapper.cfbundle; path = DroneDeliveryTests.xctest; sourceTree = BUILT_PRODUCTS_DIR; };
		46EBAD1A1302D8F7B5289C7C /* KinematicMathTests.swift */ = {isa = PBXFileReference; lastKnownFileType = sourcecode.swift; path = KinematicMathTests.swift; sourceTree = "<group>"; };
		49E444DFB0A62402C62CFEED /* AppState.swift */ = {isa = PBXFileReference; lastKnownFileType = sourcecode.swift; path = AppState.swift; sourceTree = "<group>"; };
		5206C65DAF946400EBE00084 /* MissionStore.swift */ = {isa = PBXFileReference; lastKnownFileType = sourcecode.swift; path = MissionStore.swift; sourceTree = "<group>"; };
		5C0B36C726C6AEFAF7418D41 /* Missions.json */ = {isa = PBXFileReference; lastKnownFileType = text.json; path = Missions.json; sourceTree = "<group>"; };
		5D36DAD2BD924E72879E6D0C /* MissionStoreTests.swift */ = {isa = PBXFileReference; lastKnownFileType = sourcecode.swift; path = MissionStoreTests.swift; sourceTree = "<group>"; };
		6F8B1E995950D909D15C6702 /* BootstrapTests.swift */ = {isa = PBXFileReference; lastKnownFileType = sourcecode.swift; path = BootstrapTests.swift; sourceTree = "<group>"; };
		79A6604673FA5F1D328AB0C3 /* DroneComponents.swift */ = {isa = PBXFileReference; lastKnownFileType = sourcecode.swift; path = DroneComponents.swift; sourceTree = "<group>"; };
		7C59DF6CFC185197921A12BE /* SaveDataTests.swift */ = {isa = PBXFileReference; lastKnownFileType = sourcecode.swift; path = SaveDataTests.swift; sourceTree = "<group>"; };
		7E2C7CB6B4A4657D165A0C4C /* Weather.swift */ = {isa = PBXFileReference; lastKnownFileType = sourcecode.swift; path = Weather.swift; sourceTree = "<group>"; };
		881DD35D4C6D58297BABD83C /* MissionTypes.swift */ = {isa = PBXFileReference; lastKnownFileType = sourcecode.swift; path = MissionTypes.swift; sourceTree = "<group>"; };
		A894A82A468D90DC6AB21383 /* DroneDelivery.app */ = {isa = PBXFileReference; includeInIndex = 0; lastKnownFileType = wrapper.application; path = DroneDelivery.app; sourceTree = BUILT_PRODUCTS_DIR; };
		AB5E8E9B3E3B5FF112826340 /* AirspaceTypesTests.swift */ = {isa = PBXFileReference; lastKnownFileType = sourcecode.swift; path = AirspaceTypesTests.swift; sourceTree = "<group>"; };
		ACA4B601C9FA25A24B649777 /* GamePhase.swift */ = {isa = PBXFileReference; lastKnownFileType = sourcecode.swift; path = GamePhase.swift; sourceTree = "<group>"; };
		BF3C3284313FBA2BB6F5A383 /* KinematicSystem.swift */ = {isa = PBXFileReference; lastKnownFileType = sourcecode.swift; path = KinematicSystem.swift; sourceTree = "<group>"; };
		CB4BA8FBE05DF63E6847A316 /* AirspaceTypes.swift */ = {isa = PBXFileReference; lastKnownFileType = sourcecode.swift; path = AirspaceTypes.swift; sourceTree = "<group>"; };
		DCEDBED81127D3F3D8F6EB18 /* SaveData.swift */ = {isa = PBXFileReference; lastKnownFileType = sourcecode.swift; path = SaveData.swift; sourceTree = "<group>"; };
		EA224AB1DB5857C8C45FD845 /* PhysicsTuning.swift */ = {isa = PBXFileReference; lastKnownFileType = sourcecode.swift; path = PhysicsTuning.swift; sourceTree = "<group>"; };
/* End PBXFileReference section */

/* Begin PBXGroup section */
		0F08C2474894760DF0C265CA /* DroneDelivery */ = {
			isa = PBXGroup;
			children = (
				F156A63A1EBE489881A59528 /* Airspace */,
				A41FCED7CF1B653ACE769AFF /* App */,
				EDB7EBAA93F69407EC0AB6B2 /* Drone */,
				2DB12F5406E45B28504211EA /* Flight */,
				928C04FE566974D3B7BCC0BF /* Mission */,
				6E7A6869ADAE74A50FFACB90 /* Persistence */,
				3BC37F0485814954A2E76F31 /* Weather */,
			);
			path = DroneDelivery;
			sourceTree = "<group>";
		};
		2DB12F5406E45B28504211EA /* Flight */ = {
			isa = PBXGroup;
			children = (
				EA224AB1DB5857C8C45FD845 /* PhysicsTuning.swift */,
			);
			path = Flight;
			sourceTree = "<group>";
		};
		3BC37F0485814954A2E76F31 /* Weather */ = {
			isa = PBXGroup;
			children = (
				7E2C7CB6B4A4657D165A0C4C /* Weather.swift */,
			);
			path = Weather;
			sourceTree = "<group>";
		};
		468085FC377E1F1B96822CA8 = {
			isa = PBXGroup;
			children = (
				0F08C2474894760DF0C265CA /* DroneDelivery */,
				BF915C69AD13BE904FAACF71 /* DroneDeliveryTests */,
				93992EE015310B6A59810D81 /* Products */,
			);
			sourceTree = "<group>";
		};
		6E7A6869ADAE74A50FFACB90 /* Persistence */ = {
			isa = PBXGroup;
			children = (
				DCEDBED81127D3F3D8F6EB18 /* SaveData.swift */,
			);
			path = Persistence;
			sourceTree = "<group>";
		};
		928C04FE566974D3B7BCC0BF /* Mission */ = {
			isa = PBXGroup;
			children = (
				5C0B36C726C6AEFAF7418D41 /* Missions.json */,
				5206C65DAF946400EBE00084 /* MissionStore.swift */,
				881DD35D4C6D58297BABD83C /* MissionTypes.swift */,
			);
			path = Mission;
			sourceTree = "<group>";
		};
		93992EE015310B6A59810D81 /* Products */ = {
			isa = PBXGroup;
			children = (
				A894A82A468D90DC6AB21383 /* DroneDelivery.app */,
				1F30F0C4E3B9C099D171C248 /* DroneDeliveryTests.xctest */,
			);
			name = Products;
			sourceTree = "<group>";
		};
		A41FCED7CF1B653ACE769AFF /* App */ = {
			isa = PBXGroup;
			children = (
				49E444DFB0A62402C62CFEED /* AppState.swift */,
				11AC885B6C2ADF98F7DDC938 /* DroneDeliveryApp.swift */,
				ACA4B601C9FA25A24B649777 /* GamePhase.swift */,
			);
			path = App;
			sourceTree = "<group>";
		};
		BF915C69AD13BE904FAACF71 /* DroneDeliveryTests */ = {
			isa = PBXGroup;
			children = (
				AB5E8E9B3E3B5FF112826340 /* AirspaceTypesTests.swift */,
				6F8B1E995950D909D15C6702 /* BootstrapTests.swift */,
				46EBAD1A1302D8F7B5289C7C /* KinematicMathTests.swift */,
				5D36DAD2BD924E72879E6D0C /* MissionStoreTests.swift */,
				7C59DF6CFC185197921A12BE /* SaveDataTests.swift */,
			);
			path = DroneDeliveryTests;
			sourceTree = "<group>";
		};
		EDB7EBAA93F69407EC0AB6B2 /* Drone */ = {
			isa = PBXGroup;
			children = (
				79A6604673FA5F1D328AB0C3 /* DroneComponents.swift */,
				BF3C3284313FBA2BB6F5A383 /* KinematicSystem.swift */,
			);
			path = Drone;
			sourceTree = "<group>";
		};
		F156A63A1EBE489881A59528 /* Airspace */ = {
			isa = PBXGroup;
			children = (
				1B9F7173FBF4A36DC8456E47 /* Airspace.json */,
				CB4BA8FBE05DF63E6847A316 /* AirspaceTypes.swift */,
			);
			path = Airspace;
			sourceTree = "<group>";
		};
/* End PBXGroup section */

/* Begin PBXNativeTarget section */
		C54CCC25D891F5E3CAB1E41C /* DroneDelivery */ = {
			isa = PBXNativeTarget;
			buildConfigurationList = EBBF8478531A80BFD4A5AF99 /* Build configuration list for PBXNativeTarget "DroneDelivery" */;
			buildPhases = (
				C3302FECE973784ACBA459C9 /* Sources */,
				9263182D2A0DC30E84EAFC12 /* Resources */,
			);
			buildRules = (
			);
			dependencies = (
			);
			name = DroneDelivery;
			packageProductDependencies = (
			);
			productName = DroneDelivery;
			productReference = A894A82A468D90DC6AB21383 /* DroneDelivery.app */;
			productType = "com.apple.product-type.application";
		};
		C6D94CE4F1536E1D63239BA5 /* DroneDeliveryTests */ = {
			isa = PBXNativeTarget;
			buildConfigurationList = E103B355BBC9E2329E99033D /* Build configuration list for PBXNativeTarget "DroneDeliveryTests" */;
			buildPhases = (
				9069E98E333EBDFBFA125505 /* Sources */,
			);
			buildRules = (
			);
			dependencies = (
				1F254818EB32D9D5F26C4636 /* PBXTargetDependency */,
			);
			name = DroneDeliveryTests;
			packageProductDependencies = (
			);
			productName = DroneDeliveryTests;
			productReference = 1F30F0C4E3B9C099D171C248 /* DroneDeliveryTests.xctest */;
			productType = "com.apple.product-type.bundle.unit-test";
		};
/* End PBXNativeTarget section */

/* Begin PBXProject section */
		338BDD7288B8F01CEE6147D0 /* Project object */ = {
			isa = PBXProject;
			attributes = {
				BuildIndependentTargetsInParallel = YES;
				LastUpgradeCheck = 1430;
				TargetAttributes = {
				};
			};
			buildConfigurationList = 1C7C86A33D3CC29461F0A6AA /* Build configuration list for PBXProject "DroneDelivery" */;
			developmentRegion = en;
			hasScannedForEncodings = 0;
			knownRegions = (
				Base,
				en,
			);
			mainGroup = 468085FC377E1F1B96822CA8;
			minimizedProjectReferenceProxies = 1;
			preferredProjectObjectVersion = 77;
			productRefGroup = 93992EE015310B6A59810D81 /* Products */;
			projectDirPath = "";
			projectRoot = "";
			targets = (
				C54CCC25D891F5E3CAB1E41C /* DroneDelivery */,
				C6D94CE4F1536E1D63239BA5 /* DroneDeliveryTests */,
			);
		};
/* End PBXProject section */

/* Begin PBXResourcesBuildPhase section */
		9263182D2A0DC30E84EAFC12 /* Resources */ = {
			isa = PBXResourcesBuildPhase;
			buildActionMask = 2147483647;
			files = (
				DF789B060CF3628C282B9F00 /* Airspace.json in Resources */,
				85494EFFB275DE5E57944CFC /* Missions.json in Resources */,
			);
			runOnlyForDeploymentPostprocessing = 0;
		};
/* End PBXResourcesBuildPhase section */

/* Begin PBXSourcesBuildPhase section */
		9069E98E333EBDFBFA125505 /* Sources */ = {
			isa = PBXSourcesBuildPhase;
			buildActionMask = 2147483647;
			files = (
				385ECE104933515F26B29C49 /* AirspaceTypesTests.swift in Sources */,
				30F020764F13DA04FFB75980 /* BootstrapTests.swift in Sources */,
				10711BA9B9F7275B64C6AC01 /* KinematicMathTests.swift in Sources */,
				1CCD982DDCC7D54AF0682445 /* MissionStoreTests.swift in Sources */,
				5E11149A88C48E29BDE4231B /* SaveDataTests.swift in Sources */,
			);
			runOnlyForDeploymentPostprocessing = 0;
		};
		C3302FECE973784ACBA459C9 /* Sources */ = {
			isa = PBXSourcesBuildPhase;
			buildActionMask = 2147483647;
			files = (
				A9DB80E5C4964BF6F4829688 /* AirspaceTypes.swift in Sources */,
				4E92F7003230843DB5CF2162 /* AppState.swift in Sources */,
				8AEBB8891E7E019097840815 /* DroneComponents.swift in Sources */,
				94419FE4CB73627E17B2EF2F /* DroneDeliveryApp.swift in Sources */,
				DB11AE2D720829DA1AADB0A5 /* GamePhase.swift in Sources */,
				6F1C1B3ED7BAE8FDC2A34199 /* KinematicSystem.swift in Sources */,
				0119F92A4731CD3AF275BB74 /* MissionStore.swift in Sources */,
				B8BD266B2C82B8D51B146872 /* MissionTypes.swift in Sources */,
				080455F21B8D6741F596CB52 /* PhysicsTuning.swift in Sources */,
				07FCB00B816C1BEA85F823BC /* SaveData.swift in Sources */,
				A04DDC77403E3A803E93509D /* Weather.swift in Sources */,
			);
			runOnlyForDeploymentPostprocessing = 0;
		};
/* End PBXSourcesBuildPhase section */

/* Begin PBXTargetDependency section */
		1F254818EB32D9D5F26C4636 /* PBXTargetDependency */ = {
			isa = PBXTargetDependency;
			target = C54CCC25D891F5E3CAB1E41C /* DroneDelivery */;
			targetProxy = 081324E5DBD0E4E628B1F725 /* PBXContainerItemProxy */;
		};
/* End PBXTargetDependency section */

/* Begin XCBuildConfiguration section */
		7579C9650DEB76EC400C4E07 /* Debug */ = {
			isa = XCBuildConfiguration;
			buildSettings = {
				ALWAYS_SEARCH_USER_PATHS = NO;
				CLANG_ANALYZER_NONNULL = YES;
				CLANG_ANALYZER_NUMBER_OBJECT_CONVERSION = YES_AGGRESSIVE;
				CLANG_CXX_LANGUAGE_STANDARD = "gnu++14";
				CLANG_CXX_LIBRARY = "libc++";
				CLANG_ENABLE_MODULES = YES;
				CLANG_ENABLE_OBJC_ARC = YES;
				CLANG_ENABLE_OBJC_WEAK = YES;
				CLANG_WARN_BLOCK_CAPTURE_AUTORELEASING = YES;
				CLANG_WARN_BOOL_CONVERSION = YES;
				CLANG_WARN_COMMA = YES;
				CLANG_WARN_CONSTANT_CONVERSION = YES;
				CLANG_WARN_DEPRECATED_OBJC_IMPLEMENTATIONS = YES;
				CLANG_WARN_DIRECT_OBJC_ISA_USAGE = YES_ERROR;
				CLANG_WARN_DOCUMENTATION_COMMENTS = YES;
				CLANG_WARN_EMPTY_BODY = YES;
				CLANG_WARN_ENUM_CONVERSION = YES;
				CLANG_WARN_INFINITE_RECURSION = YES;
				CLANG_WARN_INT_CONVERSION = YES;
				CLANG_WARN_NON_LITERAL_NULL_CONVERSION = YES;
				CLANG_WARN_OBJC_IMPLICIT_RETAIN_SELF = YES;
				CLANG_WARN_OBJC_LITERAL_CONVERSION = YES;
				CLANG_WARN_OBJC_ROOT_CLASS = YES_ERROR;
				CLANG_WARN_QUOTED_INCLUDE_IN_FRAMEWORK_HEADER = YES;
				CLANG_WARN_RANGE_LOOP_ANALYSIS = YES;
				CLANG_WARN_STRICT_PROTOTYPES = YES;
				CLANG_WARN_SUSPICIOUS_MOVE = YES;
				CLANG_WARN_UNGUARDED_AVAILABILITY = YES_AGGRESSIVE;
				CLANG_WARN_UNREACHABLE_CODE = YES;
				CLANG_WARN__DUPLICATE_METHOD_MATCH = YES;
				COPY_PHASE_STRIP = NO;
				CURRENT_PROJECT_VERSION = 1;
				DEBUG_INFORMATION_FORMAT = dwarf;
				ENABLE_STRICT_OBJC_MSGSEND = YES;
				ENABLE_TESTABILITY = YES;
				GCC_C_LANGUAGE_STANDARD = gnu11;
				GCC_DYNAMIC_NO_PIC = NO;
				GCC_NO_COMMON_BLOCKS = YES;
				GCC_OPTIMIZATION_LEVEL = 0;
				GCC_PREPROCESSOR_DEFINITIONS = (
					"$(inherited)",
					"DEBUG=1",
				);
				GCC_WARN_64_TO_32_BIT_CONVERSION = YES;
				GCC_WARN_ABOUT_RETURN_TYPE = YES_ERROR;
				GCC_WARN_UNDECLARED_SELECTOR = YES;
				GCC_WARN_UNINITIALIZED_AUTOS = YES_AGGRESSIVE;
				GCC_WARN_UNUSED_FUNCTION = YES;
				GCC_WARN_UNUSED_VARIABLE = YES;
				IPHONEOS_DEPLOYMENT_TARGET = 18.0;
				MARKETING_VERSION = 0.1.0;
				MTL_ENABLE_DEBUG_INFO = INCLUDE_SOURCE;
				MTL_FAST_MATH = YES;
				ONLY_ACTIVE_ARCH = YES;
				PRODUCT_NAME = "$(TARGET_NAME)";
				SDKROOT = iphoneos;
				SWIFT_ACTIVE_COMPILATION_CONDITIONS = DEBUG;
				SWIFT_OPTIMIZATION_LEVEL = "-Onone";
				SWIFT_STRICT_CONCURRENCY = complete;
				SWIFT_VERSION = 6.0;
			};
			name = Debug;
		};
		8175E37E9DCFF5C363496D94 /* Release */ = {
			isa = XCBuildConfiguration;
			buildSettings = {
				ASSETCATALOG_COMPILER_APPICON_NAME = AppIcon;
				CODE_SIGN_IDENTITY = "iPhone Developer";
				ENABLE_PREVIEWS = YES;
				GENERATE_INFOPLIST_FILE = YES;
				INFOPLIST_KEY_UIApplicationSceneManifest_Generation = YES;
				INFOPLIST_KEY_UILaunchScreen_Generation = YES;
				INFOPLIST_KEY_UISupportedInterfaceOrientations = "UIInterfaceOrientationPortrait UIInterfaceOrientationLandscapeLeft UIInterfaceOrientationLandscapeRight";
				INFOPLIST_KEY_UISupportedInterfaceOrientations_iPad = "UIInterfaceOrientationPortrait UIInterfaceOrientationPortraitUpsideDown UIInterfaceOrientationLandscapeLeft UIInterfaceOrientationLandscapeRight";
				LD_RUNPATH_SEARCH_PATHS = (
					"$(inherited)",
					"@executable_path/Frameworks",
				);
				PRODUCT_BUNDLE_IDENTIFIER = com.rhaynes123.DroneDelivery;
				SDKROOT = iphoneos;
				TARGETED_DEVICE_FAMILY = "1,2";
			};
			name = Release;
		};
		94C579E8D780EF5B0B0063D5 /* Release */ = {
			isa = XCBuildConfiguration;
			buildSettings = {
				ALWAYS_SEARCH_USER_PATHS = NO;
				CLANG_ANALYZER_NONNULL = YES;
				CLANG_ANALYZER_NUMBER_OBJECT_CONVERSION = YES_AGGRESSIVE;
				CLANG_CXX_LANGUAGE_STANDARD = "gnu++14";
				CLANG_CXX_LIBRARY = "libc++";
				CLANG_ENABLE_MODULES = YES;
				CLANG_ENABLE_OBJC_ARC = YES;
				CLANG_ENABLE_OBJC_WEAK = YES;
				CLANG_WARN_BLOCK_CAPTURE_AUTORELEASING = YES;
				CLANG_WARN_BOOL_CONVERSION = YES;
				CLANG_WARN_COMMA = YES;
				CLANG_WARN_CONSTANT_CONVERSION = YES;
				CLANG_WARN_DEPRECATED_OBJC_IMPLEMENTATIONS = YES;
				CLANG_WARN_DIRECT_OBJC_ISA_USAGE = YES_ERROR;
				CLANG_WARN_DOCUMENTATION_COMMENTS = YES;
				CLANG_WARN_EMPTY_BODY = YES;
				CLANG_WARN_ENUM_CONVERSION = YES;
				CLANG_WARN_INFINITE_RECURSION = YES;
				CLANG_WARN_INT_CONVERSION = YES;
				CLANG_WARN_NON_LITERAL_NULL_CONVERSION = YES;
				CLANG_WARN_OBJC_IMPLICIT_RETAIN_SELF = YES;
				CLANG_WARN_OBJC_LITERAL_CONVERSION = YES;
				CLANG_WARN_OBJC_ROOT_CLASS = YES_ERROR;
				CLANG_WARN_QUOTED_INCLUDE_IN_FRAMEWORK_HEADER = YES;
				CLANG_WARN_RANGE_LOOP_ANALYSIS = YES;
				CLANG_WARN_STRICT_PROTOTYPES = YES;
				CLANG_WARN_SUSPICIOUS_MOVE = YES;
				CLANG_WARN_UNGUARDED_AVAILABILITY = YES_AGGRESSIVE;
				CLANG_WARN_UNREACHABLE_CODE = YES;
				CLANG_WARN__DUPLICATE_METHOD_MATCH = YES;
				COPY_PHASE_STRIP = NO;
				CURRENT_PROJECT_VERSION = 1;
				DEBUG_INFORMATION_FORMAT = "dwarf-with-dsym";
				ENABLE_NS_ASSERTIONS = NO;
				ENABLE_STRICT_OBJC_MSGSEND = YES;
				GCC_C_LANGUAGE_STANDARD = gnu11;
				GCC_NO_COMMON_BLOCKS = YES;
				GCC_WARN_64_TO_32_BIT_CONVERSION = YES;
				GCC_WARN_ABOUT_RETURN_TYPE = YES_ERROR;
				GCC_WARN_UNDECLARED_SELECTOR = YES;
				GCC_WARN_UNINITIALIZED_AUTOS = YES_AGGRESSIVE;
				GCC_WARN_UNUSED_FUNCTION = YES;
				GCC_WARN_UNUSED_VARIABLE = YES;
				IPHONEOS_DEPLOYMENT_TARGET = 18.0;
				MARKETING_VERSION = 0.1.0;
				MTL_ENABLE_DEBUG_INFO = NO;
				MTL_FAST_MATH = YES;
				PRODUCT_NAME = "$(TARGET_NAME)";
				SDKROOT = iphoneos;
				SWIFT_COMPILATION_MODE = wholemodule;
				SWIFT_OPTIMIZATION_LEVEL = "-O";
				SWIFT_STRICT_CONCURRENCY = complete;
				SWIFT_VERSION = 6.0;
			};
			name = Release;
		};
		AC96E454CA2F9CF7D88A1CB4 /* Debug */ = {
			isa = XCBuildConfiguration;
			buildSettings = {
				ASSETCATALOG_COMPILER_APPICON_NAME = AppIcon;
				CODE_SIGN_IDENTITY = "iPhone Developer";
				ENABLE_PREVIEWS = YES;
				GENERATE_INFOPLIST_FILE = YES;
				INFOPLIST_KEY_UIApplicationSceneManifest_Generation = YES;
				INFOPLIST_KEY_UILaunchScreen_Generation = YES;
				INFOPLIST_KEY_UISupportedInterfaceOrientations = "UIInterfaceOrientationPortrait UIInterfaceOrientationLandscapeLeft UIInterfaceOrientationLandscapeRight";
				INFOPLIST_KEY_UISupportedInterfaceOrientations_iPad = "UIInterfaceOrientationPortrait UIInterfaceOrientationPortraitUpsideDown UIInterfaceOrientationLandscapeLeft UIInterfaceOrientationLandscapeRight";
				LD_RUNPATH_SEARCH_PATHS = (
					"$(inherited)",
					"@executable_path/Frameworks",
				);
				PRODUCT_BUNDLE_IDENTIFIER = com.rhaynes123.DroneDelivery;
				SDKROOT = iphoneos;
				TARGETED_DEVICE_FAMILY = "1,2";
			};
			name = Debug;
		};
		B89F9DF0E00B31DDE4F29F45 /* Debug */ = {
			isa = XCBuildConfiguration;
			buildSettings = {
				BUNDLE_LOADER = "$(TEST_HOST)";
				GENERATE_INFOPLIST_FILE = YES;
				LD_RUNPATH_SEARCH_PATHS = (
					"$(inherited)",
					"@executable_path/Frameworks",
					"@loader_path/Frameworks",
				);
				PRODUCT_BUNDLE_IDENTIFIER = com.rhaynes123.DroneDeliveryTests;
				SDKROOT = iphoneos;
				TARGETED_DEVICE_FAMILY = "1,2";
				TEST_HOST = "$(BUILT_PRODUCTS_DIR)/DroneDelivery.app/$(BUNDLE_EXECUTABLE_FOLDER_PATH)/DroneDelivery";
			};
			name = Debug;
		};
		F60875CCAA09750D95944C62 /* Release */ = {
			isa = XCBuildConfiguration;
			buildSettings = {
				BUNDLE_LOADER = "$(TEST_HOST)";
				GENERATE_INFOPLIST_FILE = YES;
				LD_RUNPATH_SEARCH_PATHS = (
					"$(inherited)",
					"@executable_path/Frameworks",
					"@loader_path/Frameworks",
				);
				PRODUCT_BUNDLE_IDENTIFIER = com.rhaynes123.DroneDeliveryTests;
				SDKROOT = iphoneos;
				TARGETED_DEVICE_FAMILY = "1,2";
				TEST_HOST = "$(BUILT_PRODUCTS_DIR)/DroneDelivery.app/$(BUNDLE_EXECUTABLE_FOLDER_PATH)/DroneDelivery";
			};
			name = Release;
		};
/* End XCBuildConfiguration section */

/* Begin XCConfigurationList section */
		1C7C86A33D3CC29461F0A6AA /* Build configuration list for PBXProject "DroneDelivery" */ = {
			isa = XCConfigurationList;
			buildConfigurations = (
				7579C9650DEB76EC400C4E07 /* Debug */,
				94C579E8D780EF5B0B0063D5 /* Release */,
			);
			defaultConfigurationIsVisible = 0;
			defaultConfigurationName = Debug;
		};
		E103B355BBC9E2329E99033D /* Build configuration list for PBXNativeTarget "DroneDeliveryTests" */ = {
			isa = XCConfigurationList;
			buildConfigurations = (
				B89F9DF0E00B31DDE4F29F45 /* Debug */,
				F60875CCAA09750D95944C62 /* Release */,
			);
			defaultConfigurationIsVisible = 0;
			defaultConfigurationName = Debug;
		};
		EBBF8478531A80BFD4A5AF99 /* Build configuration list for PBXNativeTarget "DroneDelivery" */ = {
			isa = XCConfigurationList;
			buildConfigurations = (
				AC96E454CA2F9CF7D88A1CB4 /* Debug */,
				8175E37E9DCFF5C363496D94 /* Release */,
			);
			defaultConfigurationIsVisible = 0;
			defaultConfigurationName = Debug;
		};
/* End XCConfigurationList section */
	};
	rootObject = 338BDD7288B8F01CEE6147D0 /* Project object */;
}
